{
  "name": "library-liberty",
  "lockfileVersion": 3,
  "requires": true,
  "packages": {
    "": {
      "dependencies": {
        "@shopify/draggable": "^1.2.1"
      }
    },
    "node_modules/@shopify/draggable": {
      "version": "1.2.1",
      "resolved": "https://registry.npmjs.org/@shopify/draggable/-/draggable-1.2.1.tgz",
      "integrity": "sha512-hYKhd99nl1mkO4ybA8i3rxvZgYS2A4Imcxpq7BoUu7h4LmFt997YxHLy8Mm5J7ST+G4DTQXqBsTx9mDid6piZg==",
      "license": "MIT"
    }
  }
}
